
Microsoft Visual Studio Solution File, Format Version 12.00
# Visual Studio Version 17
VisualStudioVersion = 17.1.32210.238
MinimumVisualStudioVersion = 10.0.40219.1
Project("{FAE04EC0-301F-11D3-BF4B-00C04F79EFBC}") = "Вариант_20", "Вариант_20\Вариант_20.csproj", "{40AFA039-D2F7-4353-BEBA-1000C5762D38}"
EndProject
Global
	GlobalSection(SolutionConfigurationPlatforms) = preSolution
		Debug|Any CPU = Debug|Any CPU
		Release|Any CPU = Release|Any CPU
	EndGlobalSection
	GlobalSection(ProjectConfigurationPlatforms) = postSolution
		{40AFA039-D2F7-4353-BEBA-1000C5762D38}.Debug|Any CPU.ActiveCfg = Debug|Any CPU
		{40AFA039-D2F7-4353-BEBA-1000C5762D38}.Debug|Any CPU.Build.0 = Debug|Any CPU
		{40AFA039-D2F7-4353-BEBA-1000C5762D38}.Release|Any CPU.ActiveCfg = Release|Any CPU
		{40AFA039-D2F7-4353-BEBA-1000C5762D38}.Release|Any CPU.Build.0 = Release|Any CPU
	EndGlobalSection
	GlobalSection(SolutionProperties) = preSolution
		HideSolutionNode = FALSE
	EndGlobalSection
	GlobalSection(ExtensibilityGlobals) = postSolution
		SolutionGuid = {4337653A-7EF4-4B26-85DC-7BF105C1EDB2}
	EndGlobalSection
EndGlobal
