
Microsoft Visual Studio Solution File, Format Version 12.00
# Visual Studio Version 17
VisualStudioVersion = 17.1.32210.238
MinimumVisualStudioVersion = 10.0.40219.1
Project("{FAE04EC0-301F-11D3-BF4B-00C04F79EFBC}") = "Task1", "Task1.csproj", "{44970B44-0FEF-4062-A6CE-8FBC6E2D2EEE}"
EndProject
Global
	GlobalSection(SolutionConfigurationPlatforms) = preSolution
		Debug|Any CPU = Debug|Any CPU
		Release|Any CPU = Release|Any CPU
	EndGlobalSection
	GlobalSection(ProjectConfigurationPlatforms) = postSolution
		{44970B44-0FEF-4062-A6CE-8FBC6E2D2EEE}.Debug|Any CPU.ActiveCfg = Debug|Any CPU
		{44970B44-0FEF-4062-A6CE-8FBC6E2D2EEE}.Debug|Any CPU.Build.0 = Debug|Any CPU
		{44970B44-0FEF-4062-A6CE-8FBC6E2D2EEE}.Release|Any CPU.ActiveCfg = Release|Any CPU
		{44970B44-0FEF-4062-A6CE-8FBC6E2D2EEE}.Release|Any CPU.Build.0 = Release|Any CPU
	EndGlobalSection
	GlobalSection(SolutionProperties) = preSolution
		HideSolutionNode = FALSE
	EndGlobalSection
	GlobalSection(ExtensibilityGlobals) = postSolution
		SolutionGuid = {82AA3953-FB65-47DB-9369-59099A36BF8B}
	EndGlobalSection
EndGlobal
