
Microsoft Visual Studio Solution File, Format Version 12.00
# Visual Studio Version 17
VisualStudioVersion = 17.1.32210.238
MinimumVisualStudioVersion = 10.0.40219.1
Project("{FAE04EC0-301F-11D3-BF4B-00C04F79EFBC}") = "Задание 3", "Задание 3\Задание 3.csproj", "{7FD7A26E-7746-4CC7-ADBD-D2C5F1DE43AF}"
EndProject
Global
	GlobalSection(SolutionConfigurationPlatforms) = preSolution
		Debug|Any CPU = Debug|Any CPU
		Release|Any CPU = Release|Any CPU
	EndGlobalSection
	GlobalSection(ProjectConfigurationPlatforms) = postSolution
		{7FD7A26E-7746-4CC7-ADBD-D2C5F1DE43AF}.Debug|Any CPU.ActiveCfg = Debug|Any CPU
		{7FD7A26E-7746-4CC7-ADBD-D2C5F1DE43AF}.Debug|Any CPU.Build.0 = Debug|Any CPU
		{7FD7A26E-7746-4CC7-ADBD-D2C5F1DE43AF}.Release|Any CPU.ActiveCfg = Release|Any CPU
		{7FD7A26E-7746-4CC7-ADBD-D2C5F1DE43AF}.Release|Any CPU.Build.0 = Release|Any CPU
	EndGlobalSection
	GlobalSection(SolutionProperties) = preSolution
		HideSolutionNode = FALSE
	EndGlobalSection
	GlobalSection(ExtensibilityGlobals) = postSolution
		SolutionGuid = {A9795DF1-F53A-470A-BB18-5941686424CB}
	EndGlobalSection
EndGlobal
