
Microsoft Visual Studio Solution File, Format Version 12.00
# Visual Studio Version 17
VisualStudioVersion = 17.1.32210.238
MinimumVisualStudioVersion = 10.0.40219.1
Project("{FAE04EC0-301F-11D3-BF4B-00C04F79EFBC}") = "Task2", "Task2\Task2.csproj", "{4CDDF3E8-869D-413E-83F0-A75EC0070142}"
EndProject
Global
	GlobalSection(SolutionConfigurationPlatforms) = preSolution
		Debug|Any CPU = Debug|Any CPU
		Release|Any CPU = Release|Any CPU
	EndGlobalSection
	GlobalSection(ProjectConfigurationPlatforms) = postSolution
		{4CDDF3E8-869D-413E-83F0-A75EC0070142}.Debug|Any CPU.ActiveCfg = Debug|Any CPU
		{4CDDF3E8-869D-413E-83F0-A75EC0070142}.Debug|Any CPU.Build.0 = Debug|Any CPU
		{4CDDF3E8-869D-413E-83F0-A75EC0070142}.Release|Any CPU.ActiveCfg = Release|Any CPU
		{4CDDF3E8-869D-413E-83F0-A75EC0070142}.Release|Any CPU.Build.0 = Release|Any CPU
	EndGlobalSection
	GlobalSection(SolutionProperties) = preSolution
		HideSolutionNode = FALSE
	EndGlobalSection
	GlobalSection(ExtensibilityGlobals) = postSolution
		SolutionGuid = {58C091E9-1B9E-4942-8E8A-BA7DE5CF6BFE}
	EndGlobalSection
EndGlobal
